// !$*UTF8*$!
{
	archiveVersion = 1;
	classes = {
	};
	objectVersion = 46;
	objects = {

/* Begin PBXBuildFile section */
		A10E6C171F0E945E005B13F2 /* main.m in Sources */ = {isa = PBXBuildFile; fileRef = A10E6C161F0E945E005B13F2 /* main.m */; };
		A10E6C1A1F0E945E005B13F2 /* AppDelegate.m in Sources */ = {isa = PBXBuildFile; fileRef = A10E6C191F0E945E005B13F2 /* AppDelegate.m */; };
		A10E6C1D1F0E945E005B13F2 /* ViewController.m in Sources */ = {isa = PBXBuildFile; fileRef = A10E6C1C1F0E945E005B13F2 /* ViewController.m */; };
		A10E6C201F0E945E005B13F2 /* Main.storyboard in Resources */ = {isa = PBXBuildFile; fileRef = A10E6C1E1F0E945E005B13F2 /* Main.storyboard */; };
		A10E6C221F0E945E005B13F2 /* Assets.xcassets in Resources */ = {isa = PBXBuildFile; fileRef = A10E6C211F0E945E005B13F2 /* Assets.xcassets */; };
		A10E6C251F0E945E005B13F2 /* LaunchScreen.storyboard in Resources */ = {isa = PBXBuildFile; fileRef = A10E6C231F0E945E005B13F2 /* LaunchScreen.storyboard */; };
		A10E6C2E1F0E950C005B13F2 /* MBCardView.m in Sources */ = {isa = PBXBuildFile; fileRef = A10E6C2D1F0E950C005B13F2 /* MBCardView.m */; };
		A10E6C301F0E951D005B13F2 /* MBCardView.xib in Resources */ = {isa = PBXBuildFile; fileRef = A10E6C2F1F0E951D005B13F2 /* MBCardView.xib */; };
		A10E6C341F0E9727005B13F2 /* ManModel.m in Sources */ = {isa = PBXBuildFile; fileRef = A10E6C331F0E9727005B13F2 /* ManModel.m */; };
		A10E6C381F0E98AD005B13F2 /* MBCardViewAdapter.m in Sources */ = {isa = PBXBuildFile; fileRef = A10E6C371F0E98AD005B13F2 /* MBCardViewAdapter.m */; };
		A10E6C3B1F0E9A7A005B13F2 /* ManModelAdapter.m in Sources */ = {isa = PBXBuildFile; fileRef = A10E6C3A1F0E9A7A005B13F2 /* ManModelAdapter.m */; };
		A10E6C3E1F0E9D05005B13F2 /* WomanModel.m in Sources */ = {isa = PBXBuildFile; fileRef = A10E6C3D1F0E9D05005B13F2 /* WomanModel.m */; };
		A10E6C411F0E9D42005B13F2 /* WomanModelAdapter.m in Sources */ = {isa = PBXBuildFile; fileRef = A10E6C401F0E9D42005B13F2 /* WomanModelAdapter.m */; };
/* End PBXBuildFile section */

/* Begin PBXFileReference section */
		A10E6C121F0E945E005B13F2 /* 1,适配器模式.app */ = {isa = PBXFileReference; explicitFileType = wrapper.application; includeInIndex = 0; path = "1,适配器模式.app"; sourceTree = BUILT_PRODUCTS_DIR; };
		A10E6C161F0E945E005B13F2 /* main.m */ = {isa = PBXFileReference; lastKnownFileType = sourcecode.c.objc; path = main.m; sourceTree = "<group>"; };
		A10E6C181F0E945E005B13F2 /* AppDelegate.h */ = {isa = PBXFileReference; lastKnownFileType = sourcecode.c.h; path = AppDelegate.h; sourceTree = "<group>"; };
		A10E6C191F0E945E005B13F2 /* AppDelegate.m */ = {isa = PBXFileReference; lastKnownFileType = sourcecode.c.objc; path = AppDelegate.m; sourceTree = "<group>"; };
		A10E6C1B1F0E945E005B13F2 /* ViewController.h */ = {isa = PBXFileReference; lastKnownFileType = sourcecode.c.h; path = ViewController.h; sourceTree = "<group>"; };
		A10E6C1C1F0E945E005B13F2 /* ViewController.m */ = {isa = PBXFileReference; lastKnownFileType = sourcecode.c.objc; path = ViewController.m; sourceTree = "<group>"; };
		A10E6C1F1F0E945E005B13F2 /* Base */ = {isa = PBXFileReference; lastKnownFileType = file.storyboard; name = Base; path = Base.lproj/Main.storyboard; sourceTree = "<group>"; };
		A10E6C211F0E945E005B13F2 /* Assets.xcassets */ = {isa = PBXFileReference; lastKnownFileType = folder.assetcatalog; path = Assets.xcassets; sourceTree = "<group>"; };
		A10E6C241F0E945E005B13F2 /* Base */ = {isa = PBXFileReference; lastKnownFileType = file.storyboard; name = Base; path = Base.lproj/LaunchScreen.storyboard; sourceTree = "<group>"; };
		A10E6C261F0E945E005B13F2 /* Info.plist */ = {isa = PBXFileReference; lastKnownFileType = text.plist.xml; path = Info.plist; sourceTree = "<group>"; };
		A10E6C2C1F0E950C005B13F2 /* MBCardView.h */ = {isa = PBXFileReference; fileEncoding = 4; lastKnownFileType = sourcecode.c.h; path = MBCardView.h; sourceTree = "<group>"; };
		A10E6C2D1F0E950C005B13F2 /* MBCardView.m */ = {isa = PBXFileReference; fileEncoding = 4; lastKnownFileType = sourcecode.c.objc; path = MBCardView.m; sourceTree = "<group>"; };
		A10E6C2F1F0E951D005B13F2 /* MBCardView.xib */ = {isa = PBXFileReference; fileEncoding = 4; lastKnownFileType = file.xib; path = MBCardView.xib; sourceTree = "<group>"; };
		A10E6C321F0E9727005B13F2 /* ManModel.h */ = {isa = PBXFileReference; fileEncoding = 4; lastKnownFileType = sourcecode.c.h; name = ManModel.h; path = adapter/ManModel.h; sourceTree = "<group>"; };
		A10E6C331F0E9727005B13F2 /* ManModel.m */ = {isa = PBXFileReference; fileEncoding = 4; lastKnownFileType = sourcecode.c.objc; name = ManModel.m; path = adapter/ManModel.m; sourceTree = "<group>"; };
		A10E6C351F0E979E005B13F2 /* MBCardViewAdapterProtocol.h */ = {isa = PBXFileReference; fileEncoding = 4; lastKnownFileType = sourcecode.c.h; name = MBCardViewAdapterProtocol.h; path = adapter/MBCardViewAdapterProtocol.h; sourceTree = "<group>"; };
		A10E6C361F0E98AD005B13F2 /* MBCardViewAdapter.h */ = {isa = PBXFileReference; fileEncoding = 4; lastKnownFileType = sourcecode.c.h; name = MBCardViewAdapter.h; path = adapter/MBCardViewAdapter.h; sourceTree = "<group>"; };
		A10E6C371F0E98AD005B13F2 /* MBCardViewAdapter.m */ = {isa = PBXFileReference; fileEncoding = 4; lastKnownFileType = sourcecode.c.objc; name = MBCardViewAdapter.m; path = adapter/MBCardViewAdapter.m; sourceTree = "<group>"; };
		A10E6C391F0E9A7A005B13F2 /* ManModelAdapter.h */ = {isa = PBXFileReference; fileEncoding = 4; lastKnownFileType = sourcecode.c.h; path = ManModelAdapter.h; sourceTree = "<group>"; };
		A10E6C3A1F0E9A7A005B13F2 /* ManModelAdapter.m */ = {isa = PBXFileReference; fileEncoding = 4; lastKnownFileType = sourcecode.c.objc; path = ManModelAdapter.m; sourceTree = "<group>"; };
		A10E6C3C1F0E9D05005B13F2 /* WomanModel.h */ = {isa = PBXFileReference; fileEncoding = 4; lastKnownFileType = sourcecode.c.h; path = WomanModel.h; sourceTree = "<group>"; };
		A10E6C3D1F0E9D05005B13F2 /* WomanModel.m */ = {isa = PBXFileReference; fileEncoding = 4; lastKnownFileType = sourcecode.c.objc; path = WomanModel.m; sourceTree = "<group>"; };
		A10E6C3F1F0E9D42005B13F2 /* WomanModelAdapter.h */ = {isa = PBXFileReference; fileEncoding = 4; lastKnownFileType = sourcecode.c.h; path = WomanModelAdapter.h; sourceTree = "<group>"; };
		A10E6C401F0E9D42005B13F2 /* WomanModelAdapter.m */ = {isa = PBXFileReference; fileEncoding = 4; lastKnownFileType = sourcecode.c.objc; path = WomanModelAdapter.m; sourceTree = "<group>"; };
/* End PBXFileReference section */

/* Begin PBXFrameworksBuildPhase section */
		A10E6C0F1F0E945E005B13F2 /* Frameworks */ = {
			isa = PBXFrameworksBuildPhase;
			buildActionMask = 2147483647;
			files = (
			);
			runOnlyForDeploymentPostprocessing = 0;
		};
/* End PBXFrameworksBuildPhase section */

/* Begin PBXGroup section */
		A10E6C091F0E945E005B13F2 = {
			isa = PBXGroup;
			children = (
				A10E6C141F0E945E005B13F2 /* 1,适配器模式 */,
				A10E6C131F0E945E005B13F2 /* Products */,
			);
			sourceTree = "<group>";
		};
		A10E6C131F0E945E005B13F2 /* Products */ = {
			isa = PBXGroup;
			children = (
				A10E6C121F0E945E005B13F2 /* 1,适配器模式.app */,
			);
			name = Products;
			sourceTree = "<group>";
		};
		A10E6C141F0E945E005B13F2 /* 1,适配器模式 */ = {
			isa = PBXGroup;
			children = (
				A10E6C181F0E945E005B13F2 /* AppDelegate.h */,
				A10E6C191F0E945E005B13F2 /* AppDelegate.m */,
				A10E6C1B1F0E945E005B13F2 /* ViewController.h */,
				A10E6C1C1F0E945E005B13F2 /* ViewController.m */,
				A10E6C321F0E9727005B13F2 /* ManModel.h */,
				A10E6C331F0E9727005B13F2 /* ManModel.m */,
				A10E6C391F0E9A7A005B13F2 /* ManModelAdapter.h */,
				A10E6C3A1F0E9A7A005B13F2 /* ManModelAdapter.m */,
				A10E6C3C1F0E9D05005B13F2 /* WomanModel.h */,
				A10E6C3D1F0E9D05005B13F2 /* WomanModel.m */,
				A10E6C3F1F0E9D42005B13F2 /* WomanModelAdapter.h */,
				A10E6C401F0E9D42005B13F2 /* WomanModelAdapter.m */,
				A10E6C2C1F0E950C005B13F2 /* MBCardView.h */,
				A10E6C2D1F0E950C005B13F2 /* MBCardView.m */,
				A10E6C2F1F0E951D005B13F2 /* MBCardView.xib */,
				A10E6C351F0E979E005B13F2 /* MBCardViewAdapterProtocol.h */,
				A10E6C361F0E98AD005B13F2 /* MBCardViewAdapter.h */,
				A10E6C371F0E98AD005B13F2 /* MBCardViewAdapter.m */,
				A10E6C1E1F0E945E005B13F2 /* Main.storyboard */,
				A10E6C211F0E945E005B13F2 /* Assets.xcassets */,
				A10E6C231F0E945E005B13F2 /* LaunchScreen.storyboard */,
				A10E6C261F0E945E005B13F2 /* Info.plist */,
				A10E6C151F0E945E005B13F2 /* Supporting Files */,
			);
			path = "1,适配器模式";
			sourceTree = "<group>";
		};
		A10E6C151F0E945E005B13F2 /* Supporting Files */ = {
			isa = PBXGroup;
			children = (
				A10E6C161F0E945E005B13F2 /* main.m */,
			);
			name = "Supporting Files";
			sourceTree = "<group>";
		};
/* End PBXGroup section */

/* Begin PBXNativeTarget section */
		A10E6C111F0E945E005B13F2 /* 1,适配器模式 */ = {
			isa = PBXNativeTarget;
			buildConfigurationList = A10E6C291F0E945E005B13F2 /* Build configuration list for PBXNativeTarget "1,适配器模式" */;
			buildPhases = (
				A10E6C0E1F0E945E005B13F2 /* Sources */,
				A10E6C0F1F0E945E005B13F2 /* Frameworks */,
				A10E6C101F0E945E005B13F2 /* Resources */,
			);
			buildRules = (
			);
			dependencies = (
			);
			name = "1,适配器模式";
			productName = "1,适配器模式";
			productReference = A10E6C121F0E945E005B13F2 /* 1,适配器模式.app */;
			productType = "com.apple.product-type.application";
		};
/* End PBXNativeTarget section */

/* Begin PBXProject section */
		A10E6C0A1F0E945E005B13F2 /* Project object */ = {
			isa = PBXProject;
			attributes = {
				LastUpgradeCheck = 0830;
				ORGANIZATIONNAME = "kaiming shi";
				TargetAttributes = {
					A10E6C111F0E945E005B13F2 = {
						CreatedOnToolsVersion = 8.3.2;
						ProvisioningStyle = Automatic;
					};
				};
			};
			buildConfigurationList = A10E6C0D1F0E945E005B13F2 /* Build configuration list for PBXProject "1,适配器模式" */;
			compatibilityVersion = "Xcode 3.2";
			developmentRegion = English;
			hasScannedForEncodings = 0;
			knownRegions = (
				en,
				Base,
			);
			mainGroup = A10E6C091F0E945E005B13F2;
			productRefGroup = A10E6C131F0E945E005B13F2 /* Products */;
			projectDirPath = "";
			projectRoot = "";
			targets = (
				A10E6C111F0E945E005B13F2 /* 1,适配器模式 */,
			);
		};
/* End PBXProject section */

/* Begin PBXResourcesBuildPhase section */
		A10E6C101F0E945E005B13F2 /* Resources */ = {
			isa = PBXResourcesBuildPhase;
			buildActionMask = 2147483647;
			files = (
				A10E6C251F0E945E005B13F2 /* LaunchScreen.storyboard in Resources */,
				A10E6C221F0E945E005B13F2 /* Assets.xcassets in Resources */,
				A10E6C201F0E945E005B13F2 /* Main.storyboard in Resources */,
				A10E6C301F0E951D005B13F2 /* MBCardView.xib in Resources */,
			);
			runOnlyForDeploymentPostprocessing = 0;
		};
/* End PBXResourcesBuildPhase section */

/* Begin PBXSourcesBuildPhase section */
		A10E6C0E1F0E945E005B13F2 /* Sources */ = {
			isa = PBXSourcesBuildPhase;
			buildActionMask = 2147483647;
			files = (
				A10E6C1D1F0E945E005B13F2 /* ViewController.m in Sources */,
				A10E6C1A1F0E945E005B13F2 /* AppDelegate.m in Sources */,
				A10E6C3E1F0E9D05005B13F2 /* WomanModel.m in Sources */,
				A10E6C171F0E945E005B13F2 /* main.m in Sources */,
				A10E6C2E1F0E950C005B13F2 /* MBCardView.m in Sources */,
				A10E6C341F0E9727005B13F2 /* ManModel.m in Sources */,
				A10E6C381F0E98AD005B13F2 /* MBCardViewAdapter.m in Sources */,
				A10E6C411F0E9D42005B13F2 /* WomanModelAdapter.m in Sources */,
				A10E6C3B1F0E9A7A005B13F2 /* ManModelAdapter.m in Sources */,
			);
			runOnlyForDeploymentPostprocessing = 0;
		};
/* End PBXSourcesBuildPhase section */

/* Begin PBXVariantGroup section */
		A10E6C1E1F0E945E005B13F2 /* Main.storyboard */ = {
			isa = PBXVariantGroup;
			children = (
				A10E6C1F1F0E945E005B13F2 /* Base */,
			);
			name = Main.storyboard;
			sourceTree = "<group>";
		};
		A10E6C231F0E945E005B13F2 /* LaunchScreen.storyboard */ = {
			isa = PBXVariantGroup;
			children = (
				A10E6C241F0E945E005B13F2 /* Base */,
			);
			name = LaunchScreen.storyboard;
			sourceTree = "<group>";
		};
/* End PBXVariantGroup section */

/* Begin XCBuildConfiguration section */
		A10E6C271F0E945E005B13F2 /* Debug */ = {
			isa = XCBuildConfiguration;
			buildSettings = {
				ALWAYS_SEARCH_USER_PATHS = NO;
				CLANG_ANALYZER_NONNULL = YES;
				CLANG_ANALYZER_NUMBER_OBJECT_CONVERSION = YES_AGGRESSIVE;
				CLANG_CXX_LANGUAGE_STANDARD = "gnu++0x";
				CLANG_CXX_LIBRARY = "libc++";
				CLANG_ENABLE_MODULES = YES;
				CLANG_ENABLE_OBJC_ARC = YES;
				CLANG_WARN_BOOL_CONVERSION = YES;
				CLANG_WARN_CONSTANT_CONVERSION = YES;
				CLANG_WARN_DIRECT_OBJC_ISA_USAGE = YES_ERROR;
				CLANG_WARN_DOCUMENTATION_COMMENTS = YES;
				CLANG_WARN_EMPTY_BODY = YES;
				CLANG_WARN_ENUM_CONVERSION = YES;
				CLANG_WARN_INFINITE_RECURSION = YES;
				CLANG_WARN_INT_CONVERSION = YES;
				CLANG_WARN_OBJC_ROOT_CLASS = YES_ERROR;
				CLANG_WARN_SUSPICIOUS_MOVE = YES;
				CLANG_WARN_UNREACHABLE_CODE = YES;
				CLANG_WARN__DUPLICATE_METHOD_MATCH = YES;
				"CODE_SIGN_IDENTITY[sdk=iphoneos*]" = "iPhone Developer";
				COPY_PHASE_STRIP = NO;
				DEBUG_INFORMATION_FORMAT = dwarf;
				ENABLE_STRICT_OBJC_MSGSEND = YES;
				ENABLE_TESTABILITY = YES;
				GCC_C_LANGUAGE_STANDARD = gnu99;
				GCC_DYNAMIC_NO_PIC = NO;
				GCC_NO_COMMON_BLOCKS = YES;
				GCC_OPTIMIZATION_LEVEL = 0;
				GCC_PREPROCESSOR_DEFINITIONS = (
					"DEBUG=1",
					"$(inherited)",
				);
				GCC_WARN_64_TO_32_BIT_CONVERSION = YES;
				GCC_WARN_ABOUT_RETURN_TYPE = YES_ERROR;
				GCC_WARN_UNDECLARED_SELECTOR = YES;
				GCC_WARN_UNINITIALIZED_AUTOS = YES_AGGRESSIVE;
				GCC_WARN_UNUSED_FUNCTION = YES;
				GCC_WARN_UNUSED_VARIABLE = YES;
				IPHONEOS_DEPLOYMENT_TARGET = 10.3;
				MTL_ENABLE_DEBUG_INFO = YES;
				ONLY_ACTIVE_ARCH = YES;
				SDKROOT = iphoneos;
			};
			name = Debug;
		};
		A10E6C281F0E945E005B13F2 /* Release */ = {
			isa = XCBuildConfiguration;
			buildSettings = {
				ALWAYS_SEARCH_USER_PATHS = NO;
				CLANG_ANALYZER_NONNULL = YES;
				CLANG_ANALYZER_NUMBER_OBJECT_CONVERSION = YES_AGGRESSIVE;
				CLANG_CXX_LANGUAGE_STANDARD = "gnu++0x";
				CLANG_CXX_LIBRARY = "libc++";
				CLANG_ENABLE_MODULES = YES;
				CLANG_ENABLE_OBJC_ARC = YES;
				CLANG_WARN_BOOL_CONVERSION = YES;
				CLANG_WARN_CONSTANT_CONVERSION = YES;
				CLANG_WARN_DIRECT_OBJC_ISA_USAGE = YES_ERROR;
				CLANG_WARN_DOCUMENTATION_COMMENTS = YES;
				CLANG_WARN_EMPTY_BODY = YES;
				CLANG_WARN_ENUM_CONVERSION = YES;
				CLANG_WARN_INFINITE_RECURSION = YES;
				CLANG_WARN_INT_CONVERSION = YES;
				CLANG_WARN_OBJC_ROOT_CLASS = YES_ERROR;
				CLANG_WARN_SUSPICIOUS_MOVE = YES;
				CLANG_WARN_UNREACHABLE_CODE = YES;
				CLANG_WARN__DUPLICATE_METHOD_MATCH = YES;
				"CODE_SIGN_IDENTITY[sdk=iphoneos*]" = "iPhone Developer";
				COPY_PHASE_STRIP = NO;
				DEBUG_INFORMATION_FORMAT = "dwarf-with-dsym";
				ENABLE_NS_ASSERTIONS = NO;
				ENABLE_STRICT_OBJC_MSGSEND = YES;
				GCC_C_LANGUAGE_STANDARD = gnu99;
				GCC_NO_COMMON_BLOCKS = YES;
				GCC_WARN_64_TO_32_BIT_CONVERSION = YES;
				GCC_WARN_ABOUT_RETURN_TYPE = YES_ERROR;
				GCC_WARN_UNDECLARED_SELECTOR = YES;
				GCC_WARN_UNINITIALIZED_AUTOS = YES_AGGRESSIVE;
				GCC_WARN_UNUSED_FUNCTION = YES;
				GCC_WARN_UNUSED_VARIABLE = YES;
				IPHONEOS_DEPLOYMENT_TARGET = 10.3;
				MTL_ENABLE_DEBUG_INFO = NO;
				SDKROOT = iphoneos;
				VALIDATE_PRODUCT = YES;
			};
			name = Release;
		};
		A10E6C2A1F0E945E005B13F2 /* Debug */ = {
			isa = XCBuildConfiguration;
			buildSettings = {
				ASSETCATALOG_COMPILER_APPICON_NAME = AppIcon;
				INFOPLIST_FILE = "1,适配器模式/Info.plist";
				LD_RUNPATH_SEARCH_PATHS = "$(inherited) @executable_path/Frameworks";
				PRODUCT_BUNDLE_IDENTIFIER = "com.mb.-------";
				PRODUCT_NAME = "$(TARGET_NAME)";
			};
			name = Debug;
		};
		A10E6C2B1F0E945E005B13F2 /* Release */ = {
			isa = XCBuildConfiguration;
			buildSettings = {
				ASSETCATALOG_COMPILER_APPICON_NAME = AppIcon;
				INFOPLIST_FILE = "1,适配器模式/Info.plist";
				LD_RUNPATH_SEARCH_PATHS = "$(inherited) @executable_path/Frameworks";
				PRODUCT_BUNDLE_IDENTIFIER = "com.mb.-------";
				PRODUCT_NAME = "$(TARGET_NAME)";
			};
			name = Release;
		};
/* End XCBuildConfiguration section */

/* Begin XCConfigurationList section */
		A10E6C0D1F0E945E005B13F2 /* Build configuration list for PBXProject "1,适配器模式" */ = {
			isa = XCConfigurationList;
			buildConfigurations = (
				A10E6C271F0E945E005B13F2 /* Debug */,
				A10E6C281F0E945E005B13F2 /* Release */,
			);
			defaultConfigurationIsVisible = 0;
			defaultConfigurationName = Release;
		};
		A10E6C291F0E945E005B13F2 /* Build configuration list for PBXNativeTarget "1,适配器模式" */ = {
			isa = XCConfigurationList;
			buildConfigurations = (
				A10E6C2A1F0E945E005B13F2 /* Debug */,
				A10E6C2B1F0E945E005B13F2 /* Release */,
			);
			defaultConfigurationIsVisible = 0;
		};
/* End XCConfigurationList section */
	};
	rootObject = A10E6C0A1F0E945E005B13F2 /* Project object */;
}
